[{<<"cf">>,{pkg,<<"cf">>,<<"0.2.1">>},3},
 {<<"cowboy">>,{pkg,<<"cowboy">>,<<"1.0.4">>},0},
 {<<"cowlib">>,{pkg,<<"cowlib">>,<<"1.0.2">>},1},
 {<<"cuttlefish">>,{pkg,<<"cuttlefish">>,<<"2.0.7">>},0},
 {<<"ddb_client">>,{pkg,<<"ddb_client">>,<<"0.1.17">>},1},
 {<<"dflow">>,{pkg,<<"dflow">>,<<"0.1.5">>},1},
 {<<"dproto">>,{pkg,<<"dproto">>,<<"0.1.12">>},1},
 {<<"dqe">>,
  {git,"https://github.com/dalmatinerdb/dqe.git",
       {ref,"623d0ce7cdb0a605c7ed7bedd1c4ef4e0e4528c4"}},
  0},
 {<<"eper">>,{pkg,<<"eper">>,<<"0.94.0">>},0},
 {<<"erlang_localtime">>,{pkg,<<"erlang_localtime">>,<<"1.0.0">>},2},
 {<<"erlware_commons">>,{pkg,<<"erlware_commons">>,<<"0.18.0">>},2},
 {<<"fifo_utils">>,{pkg,<<"fifo_utils">>,<<"0.1.22">>},0},
 {<<"getopt">>,{pkg,<<"getopt">>,<<"0.8.2">>},1},
 {<<"goldrush">>,{pkg,<<"goldrush">>,<<"0.1.7">>},1},
 {<<"jsone">>,{pkg,<<"jsone">>,<<"1.2.0">>},0},
 {<<"lager">>,{pkg,<<"lager">>,<<"3.0.2">>},0},
 {<<"mmath">>,{pkg,<<"mmath">>,<<"0.1.16">>},0},
 {<<"msgpack">>,
  {git,"https://github.com/msgpack/msgpack-erlang.git",
       {ref,"c666a5f6568ac2e15687bb155442025dbb8b74ff"}},
  0},
 {<<"poolboy">>,{pkg,<<"poolboy">>,<<"1.5.1">>},1},
 {<<"qdate">>,{pkg,<<"qdate">>,<<"0.4.2">>},1},
 {<<"quickrand">>,{pkg,<<"quickrand">>,<<"1.5.1">>},2},
 {<<"ranch">>,{pkg,<<"ranch">>,<<"1.2.0">>},0},
 {<<"recon">>,{pkg,<<"recon">>,<<"2.2.1">>},0},
 {<<"uuid_erl">>,{pkg,<<"uuid_erl">>,<<"1.5.1">>},1}].
