[{<<"cf">>,{pkg,<<"cf">>,<<"0.2.1">>},3},
 {<<"cowboy">>,{pkg,<<"cowboy">>,<<"1.0.4">>},0},
 {<<"cowlib">>,{pkg,<<"cowlib">>,<<"1.0.2">>},1},
 {<<"ddb_client">>,{pkg,<<"ddb_client">>,<<"0.1.33">>},2},
 {<<"ddb_connection">>,{pkg,<<"ddb_connection">>,<<"0.1.14">>},1},
 {<<"dflow">>,{pkg,<<"dflow">>,<<"0.1.5">>},1},
 {<<"dproto">>,{pkg,<<"dproto">>,<<"0.1.25">>},1},
 {<<"dqe">>,
  {git,"https://github.com/dalmatinerdb/dqe.git",
       {ref,"e80851f8fb80fe8f89922d4db6b5aaf47b09bd51"}},
  0},
 {<<"dqe_fun">>,{pkg,<<"dqe_fun">>,<<"0.1.11">>},1},
 {<<"dqe_idx">>,{pkg,<<"dqe_idx">>,<<"0.2.1">>},1},
 {<<"dqe_idx_ddb">>,{pkg,<<"dqe_idx_ddb">>,<<"0.2.0">>},1},
 {<<"dqe_idx_pg">>,{pkg,<<"dqe_idx_pg">>,<<"0.3.1">>},1},
 {<<"eper">>,{pkg,<<"eper">>,<<"0.94.0">>},0},
 {<<"epgsql">>,{pkg,<<"epgsql">>,<<"3.1.1">>},3},
 {<<"erlang_localtime">>,{pkg,<<"erlang_localtime">>,<<"1.0.0">>},2},
 {<<"erlware_commons">>,{pkg,<<"erlware_commons">>,<<"0.20.0">>},2},
 {<<"fifo_utils">>,{pkg,<<"fifo_utils">>,<<"0.1.24">>},0},
 {<<"goldrush">>,{pkg,<<"goldrush">>,<<"0.1.8">>},1},
 {<<"hdr_histogram">>,{pkg,<<"hdr_histogram">>,<<"0.2.0">>},1},
 {<<"jsone">>,{pkg,<<"jsone">>,<<"1.2.6">>},0},
 {<<"jsxd">>,{pkg,<<"jsxd">>,<<"0.2.3">>},2},
 {<<"lager">>,{pkg,<<"lager">>,<<"3.2.1">>},0},
 {<<"mmath">>,{pkg,<<"mmath">>,<<"0.2.9">>},1},
 {<<"msgpack">>,{pkg,<<"msgpack">>,<<"0.3.5">>},0},
 {<<"pgapp">>,{pkg,<<"pgapp">>,<<"0.0.1">>},2},
 {<<"poolboy">>,{pkg,<<"poolboy">>,<<"1.5.1">>},2},
 {<<"qdate">>,{pkg,<<"qdate">>,<<"0.4.3">>},1},
 {<<"quickrand">>,{pkg,<<"quickrand">>,<<"1.5.3">>},2},
 {<<"ranch">>,{pkg,<<"ranch">>,<<"1.2.1">>},0},
 {<<"recon">>,{pkg,<<"recon">>,<<"2.3.2">>},0},
 {<<"snappy">>,{pkg,<<"snappy">>,<<"1.1.1">>},2},
 {<<"uuid">>,{pkg,<<"uuid_erl">>,<<"1.5.3">>},1}].
