{"1.1.0",
[{<<"cf">>,{pkg,<<"cf">>,<<"0.2.2">>},1},
 {<<"cowboy">>,{pkg,<<"cowboy">>,<<"1.0.4">>},0},
 {<<"cowlib">>,{pkg,<<"cowlib">>,<<"1.0.2">>},1},
 {<<"ddb_client">>,{pkg,<<"ddb_client">>,<<"0.5.7">>},2},
 {<<"ddb_connection">>,{pkg,<<"ddb_connection">>,<<"0.4.3">>},1},
 {<<"dflow">>,{pkg,<<"dflow">>,<<"0.3.0">>},1},
 {<<"dproto">>,{pkg,<<"dproto">>,<<"0.5.2">>},1},
 {<<"dqe">>,
  {git,"https://github.com/dalmatinerdb/dqe.git",
       {ref,"85dcf9f1ebd344794ab64765bd660737f82f7ea1"}},
  0},
 {<<"dqe_fun">>,{pkg,<<"dqe_fun">>,<<"0.2.1">>},1},
 {<<"dqe_idx">>,{pkg,<<"dqe_idx">>,<<"0.4.3">>},1},
 {<<"dqe_idx_ddb">>,{pkg,<<"dqe_idx_ddb">>,<<"0.5.1">>},1},
 {<<"dqe_idx_pg">>,{pkg,<<"dqe_idx_pg">>,<<"0.5.7">>},1},
 {<<"dynamic_compile">>,{pkg,<<"dynamic_compile">>,<<"1.0.0">>},1},
 {<<"eper">>,{pkg,<<"eper">>,<<"0.94.0">>},0},
 {<<"epgsql">>,{pkg,<<"epgsql">>,<<"3.3.0">>},3},
 {<<"erlware_commons">>,{pkg,<<"erlware_commons">>,<<"1.0.0">>},0},
 {<<"fifo_lager">>,{pkg,<<"fifo_lager">>,<<"0.1.6">>},0},
 {<<"fifo_utils">>,{pkg,<<"fifo_utils">>,<<"0.1.44">>},0},
 {<<"goldrush">>,{pkg,<<"goldrush">>,<<"0.1.9">>},1},
 {<<"hdr_histogram">>,{pkg,<<"hdr_histogram">>,<<"0.2.0">>},1},
 {<<"ibrowse">>,{pkg,<<"ibrowse">>,<<"4.4.0">>},1},
 {<<"jsone">>,{pkg,<<"jsone">>,<<"1.2.6">>},0},
 {<<"jsx">>,{pkg,<<"jsx">>,<<"2.8.2">>},2},
 {<<"jsxd">>,{pkg,<<"jsxd">>,<<"0.2.4">>},2},
 {<<"lager">>,{pkg,<<"lager">>,<<"3.5.1">>},0},
 {<<"lager_graylog">>,{pkg,<<"lager_graylog">>,<<"0.1.3">>},1},
 {<<"lager_logstash_backend">>,
  {pkg,<<"lager_logstash_backend">>,<<"0.1.3">>},
  1},
 {<<"mmath">>,{pkg,<<"mmath">>,<<"0.2.19">>},1},
 {<<"msgpack">>,{pkg,<<"msgpack">>,<<"0.3.5">>},0},
 {<<"otters">>,{pkg,<<"otters">>,<<"0.2.10">>},0},
 {<<"pgapp">>,{pkg,<<"pgapp">>,<<"0.0.2">>},2},
 {<<"poolboy">>,{pkg,<<"poolboy">>,<<"1.5.1">>},2},
 {<<"qdate">>,
  {git,"https://github.com/dalmatinerdb/qdate.git",
       {ref,"fcfb8105014b8bef19f50dd89647c0e58dae0903"}},
  1},
 {<<"qdate_localtime">>,{pkg,<<"qdate_localtime">>,<<"1.1.0">>},2},
 {<<"quickrand">>,{pkg,<<"quickrand">>,<<"1.7.1">>},1},
 {<<"ranch">>,{pkg,<<"ranch">>,<<"1.2.1">>},0},
 {<<"recon">>,{pkg,<<"recon">>,<<"2.3.2">>},0},
 {<<"snappiest">>,{pkg,<<"snappiest">>,<<"1.2.0">>},2},
 {<<"sqlmig">>,{pkg,<<"sqlmig">>,<<"0.1.5">>},2},
 {<<"uuid">>,{pkg,<<"uuid_erl">>,<<"1.7.1">>},1}]}.
[
{pkg_hash,[
 {<<"cf">>, <<"7F2913FFF90ABCABD0F489896CFEB0B0674F6C8DF6C10B17A83175448029896C">>},
 {<<"cowboy">>, <<"A324A8DF9F2316C833A470D918AAF73AE894278B8AA6226CE7A9BF699388F878">>},
 {<<"cowlib">>, <<"9D769A1D062C9C3AC753096F868CA121E2730B9A377DE23DEC0F7E08B1DF84EE">>},
 {<<"ddb_client">>, <<"1BC5836D3EB6786778F6DD202B64D4649DAA44C8882FA2001BB22C1CA17C72E1">>},
 {<<"ddb_connection">>, <<"B74F010840917CFAF6088391DCC9B91A1036213E4DDF2B58B4F7FBC00AEA01C2">>},
 {<<"dflow">>, <<"DA0EB8F14B01ED894BD32F1CEE3B13646DFC30FA60D59B408BFCD0653E0984D7">>},
 {<<"dproto">>, <<"D1C9929353589BD395CAB3E5C6E1CFC4DC8B0660527145E2DD221771D4467ABD">>},
 {<<"dqe_fun">>, <<"6A634A0DC40D82365C7DE8BFEE6485E1A64770E6568497DEA70926DF46CE9B7C">>},
 {<<"dqe_idx">>, <<"275F45869B1791BE6679D6B4A250C72CF43636CB4B3F2213E5D4AA6F8E0F1CF2">>},
 {<<"dqe_idx_ddb">>, <<"8E0F6034A3890293A620293BC384BF1DDC8D9124985F56B304D6996603483EF2">>},
 {<<"dqe_idx_pg">>, <<"E6B24FEF5DD8F323FA14F67DB76DE15C0636B579E0CE6C5A3968CAD5EC3C0712">>},
 {<<"dynamic_compile">>, <<"8171B2CB4953EA3ED2EF63F5B26ABF677ACD0CA32210C2A08A7A8406A743F76B">>},
 {<<"eper">>, <<"F5FB2DAA0DF8878748E1C598428EDA942A173E5121FF35C1D632129B84593A3A">>},
 {<<"epgsql">>, <<"974A578340E52012CBAB820CE756E7ED1DF1BAF0110C59A6753D8337A2CF9454">>},
 {<<"erlware_commons">>, <<"087467DE5833C0BB5B3CCDD387F9E9C1FB816A75B7A709629BF24B5ED3246C51">>},
 {<<"fifo_lager">>, <<"5D350A2C85F27F776B28E022A731B1B2F4A8C0D1703416C2553C4046AA09E837">>},
 {<<"fifo_utils">>, <<"5BAB235DF3B80F7EBA7C64D0C5077C8FE35D40342E822065A54AA9925181D2A6">>},
 {<<"goldrush">>, <<"F06E5D5F1277DA5C413E84D5A2924174182FB108DABB39D5EC548B27424CD106">>},
 {<<"hdr_histogram">>, <<"95A7EC3C8FA354E4CFBFC8F4168EE8F07BD3965CA22B9C45B2A2C9D13B03DCEC">>},
 {<<"ibrowse">>, <<"2D923325EFE0D2CB09B9C6A047B2835A5EDA69D8A47ED6FF8BC03628B764E991">>},
 {<<"jsone">>, <<"3EED1BC3F34D5727A011AB84A20230F4BDD8BB2B9C07C3AD0DCF412410231A74">>},
 {<<"jsx">>, <<"7ACC7D785B5ABE8A6E9ADBDE926A24E481F29956DD8B4DF49E3E4E7BCC92A018">>},
 {<<"jsxd">>, <<"C14114AFCA463F2D03D3FB6CC81FD51CDA8CA86A47E5AC3ABDF0CA572A73A413">>},
 {<<"lager">>, <<"63897A61AF646C59BB928FEE9756CE8BDD02D5A1A2F3551D4A5E38386C2CC071">>},
 {<<"lager_graylog">>, <<"B81F6CC71198F0CF113E74395A12F9C87E22F7B57F5E484A4802413E2A5B8F2C">>},
 {<<"lager_logstash_backend">>, <<"86E7FBE08B34DAF9341E9FC397EADFCD7C1ABA0A0EA901FA7A4C454A3C4C335C">>},
 {<<"mmath">>, <<"8549F4A2A9C5239323A252974DAE8B40B61BE88826A0EF7E8077900DE943F9E6">>},
 {<<"msgpack">>, <<"1C46114241011452DEEC8145851745A0BB5B637CEE028D4D4ADB9DC3527AF06A">>},
 {<<"otters">>, <<"31A7B47D50E14B15CAE380D060F666A54A2D79688BCC29D4CCB70E2FE05B0EA8">>},
 {<<"pgapp">>, <<"3E104BB777C8455D8B26D1538B67ABE0188EE97B1DF973FD936C2204CB316196">>},
 {<<"poolboy">>, <<"6B46163901CFD0A1B43D692657ED9D7E599853B3B21B95AE5AE0A777CF9B6CA8">>},
 {<<"qdate_localtime">>, <<"5F6C3ACF10ECC5A7E2EFA3DCD2C863102B962188DBD9E086EC01D29FE029DA29">>},
 {<<"quickrand">>, <<"B0C2A41D08C955F055C44BED357660DE443CD9068A33ABA530076910B7333659">>},
 {<<"ranch">>, <<"A6FB992C10F2187B46FFD17CE398DDF8A54F691B81768F9EF5F461EA7E28C762">>},
 {<<"recon">>, <<"4444C879BE323B1B133EEC5241CB84BD3821EA194C740D75617E106BE4744318">>},
 {<<"snappiest">>, <<"25706FEBB5ECAEA900D879A89C6D967C8D1BF700F8546BEBD0DEA514A8CCBFB7">>},
 {<<"sqlmig">>, <<"8208D222A9335C1B1171F4FD1CE4150CF28B1FDF37CA9A66715AC434ED9B9AF4">>},
 {<<"uuid">>, <<"252D12D1154BC75C40BC03E2E67714BD843DDFAD40FD3BC1541F65F622C9E7FC">>}]}
].
